
Microsoft Visual Studio Solution File, Format Version 12.00
# Visual Studio Version 16
VisualStudioVersion = 16.0.31025.194
MinimumVisualStudioVersion = 10.0.40219.1
Project("{9A19103F-16F7-4668-BE54-9A1E7A4F7556}") = "Classificados.Dominio", "Classificados.Dominio\Classificados.Dominio.csproj", "{66EFE40C-240B-4C00-8269-7E791B6DEDCE}"
EndProject
Project("{9A19103F-16F7-4668-BE54-9A1E7A4F7556}") = "Classificados.Comum", "Classificados.Comum\Classificados.Comum.csproj", "{632BC161-E999-4B72-BC6A-6B505958BD16}"
EndProject
Project("{9A19103F-16F7-4668-BE54-9A1E7A4F7556}") = "Classificados.Teste", "Classificados.Teste\Classificados.Teste.csproj", "{86191C51-5805-44D5-98CD-35BCC9CFD867}"
EndProject
Project("{9A19103F-16F7-4668-BE54-9A1E7A4F7556}") = "Classificados.Infra.Data", "Classificados.Infra.Data\Classificados.Infra.Data.csproj", "{7376E79C-E9FC-4B0F-A81A-1A952280FEEE}"
EndProject
Project("{FAE04EC0-301F-11D3-BF4B-00C04F79EFBC}") = "Classificados-Api", "Classificados-Api\Classificados-Api.csproj", "{B85472CD-F070-453E-9090-1BBB8BD8053C}"
EndProject
Global
	GlobalSection(SolutionConfigurationPlatforms) = preSolution
		Debug|Any CPU = Debug|Any CPU
		Release|Any CPU = Release|Any CPU
	EndGlobalSection
	GlobalSection(ProjectConfigurationPlatforms) = postSolution
		{66EFE40C-240B-4C00-8269-7E791B6DEDCE}.Debug|Any CPU.ActiveCfg = Debug|Any CPU
		{66EFE40C-240B-4C00-8269-7E791B6DEDCE}.Debug|Any CPU.Build.0 = Debug|Any CPU
		{66EFE40C-240B-4C00-8269-7E791B6DEDCE}.Release|Any CPU.ActiveCfg = Release|Any CPU
		{66EFE40C-240B-4C00-8269-7E791B6DEDCE}.Release|Any CPU.Build.0 = Release|Any CPU
		{632BC161-E999-4B72-BC6A-6B505958BD16}.Debug|Any CPU.ActiveCfg = Debug|Any CPU
		{632BC161-E999-4B72-BC6A-6B505958BD16}.Debug|Any CPU.Build.0 = Debug|Any CPU
		{632BC161-E999-4B72-BC6A-6B505958BD16}.Release|Any CPU.ActiveCfg = Release|Any CPU
		{632BC161-E999-4B72-BC6A-6B505958BD16}.Release|Any CPU.Build.0 = Release|Any CPU
		{86191C51-5805-44D5-98CD-35BCC9CFD867}.Debug|Any CPU.ActiveCfg = Debug|Any CPU
		{86191C51-5805-44D5-98CD-35BCC9CFD867}.Debug|Any CPU.Build.0 = Debug|Any CPU
		{86191C51-5805-44D5-98CD-35BCC9CFD867}.Release|Any CPU.ActiveCfg = Release|Any CPU
		{86191C51-5805-44D5-98CD-35BCC9CFD867}.Release|Any CPU.Build.0 = Release|Any CPU
		{7376E79C-E9FC-4B0F-A81A-1A952280FEEE}.Debug|Any CPU.ActiveCfg = Debug|Any CPU
		{7376E79C-E9FC-4B0F-A81A-1A952280FEEE}.Debug|Any CPU.Build.0 = Debug|Any CPU
		{7376E79C-E9FC-4B0F-A81A-1A952280FEEE}.Release|Any CPU.ActiveCfg = Release|Any CPU
		{7376E79C-E9FC-4B0F-A81A-1A952280FEEE}.Release|Any CPU.Build.0 = Release|Any CPU
		{B85472CD-F070-453E-9090-1BBB8BD8053C}.Debug|Any CPU.ActiveCfg = Debug|Any CPU
		{B85472CD-F070-453E-9090-1BBB8BD8053C}.Debug|Any CPU.Build.0 = Debug|Any CPU
		{B85472CD-F070-453E-9090-1BBB8BD8053C}.Release|Any CPU.ActiveCfg = Release|Any CPU
		{B85472CD-F070-453E-9090-1BBB8BD8053C}.Release|Any CPU.Build.0 = Release|Any CPU
	EndGlobalSection
	GlobalSection(SolutionProperties) = preSolution
		HideSolutionNode = FALSE
	EndGlobalSection
	GlobalSection(ExtensibilityGlobals) = postSolution
		SolutionGuid = {91C39AE8-0E76-4468-82A2-ADD118B0B93B}
	EndGlobalSection
EndGlobal
